
Microsoft Visual Studio Solution File, Format Version 12.00
# Visual Studio 15
VisualStudioVersion = 15.0.27703.2047
MinimumVisualStudioVersion = 10.0.40219.1
Project("{9A19103F-16F7-4668-BE54-9A1E7A4F7556}") = "laboratorio_Clase3", "laboratorio_Clase3\laboratorio_Clase3.csproj", "{F32604FD-AB80-4CF8-BA1F-931D87133807}"
EndProject
Project("{FAE04EC0-301F-11D3-BF4B-00C04F79EFBC}") = "Ejercicio12", "Ejercicio12\Ejercicio12.csproj", "{56141DFC-2BD4-4BC1-8F2F-B62C066AECF2}"
EndProject
Project("{FAE04EC0-301F-11D3-BF4B-00C04F79EFBC}") = "Ejercicio 13", "Ejercicio 13\Ejercicio 13.csproj", "{F92DD1B1-E95D-48CC-9D35-645C50E1A054}"
EndProject
Project("{FAE04EC0-301F-11D3-BF4B-00C04F79EFBC}") = "Ejercicio16", "Ejercicio16\Ejercicio16.csproj", "{EEE30797-A99F-4005-9609-85D50781EC6C}"
EndProject
Project("{FAE04EC0-301F-11D3-BF4B-00C04F79EFBC}") = "Ejercicio17", "Ejercicio17\Ejercicio17.csproj", "{F61EA79B-F002-4D91-95B5-1B0EDBCF7F61}"
EndProject
Global
	GlobalSection(SolutionConfigurationPlatforms) = preSolution
		Debug|Any CPU = Debug|Any CPU
		Release|Any CPU = Release|Any CPU
	EndGlobalSection
	GlobalSection(ProjectConfigurationPlatforms) = postSolution
		{F32604FD-AB80-4CF8-BA1F-931D87133807}.Debug|Any CPU.ActiveCfg = Debug|Any CPU
		{F32604FD-AB80-4CF8-BA1F-931D87133807}.Debug|Any CPU.Build.0 = Debug|Any CPU
		{F32604FD-AB80-4CF8-BA1F-931D87133807}.Release|Any CPU.ActiveCfg = Release|Any CPU
		{F32604FD-AB80-4CF8-BA1F-931D87133807}.Release|Any CPU.Build.0 = Release|Any CPU
		{56141DFC-2BD4-4BC1-8F2F-B62C066AECF2}.Debug|Any CPU.ActiveCfg = Debug|Any CPU
		{56141DFC-2BD4-4BC1-8F2F-B62C066AECF2}.Debug|Any CPU.Build.0 = Debug|Any CPU
		{56141DFC-2BD4-4BC1-8F2F-B62C066AECF2}.Release|Any CPU.ActiveCfg = Release|Any CPU
		{56141DFC-2BD4-4BC1-8F2F-B62C066AECF2}.Release|Any CPU.Build.0 = Release|Any CPU
		{F92DD1B1-E95D-48CC-9D35-645C50E1A054}.Debug|Any CPU.ActiveCfg = Debug|Any CPU
		{F92DD1B1-E95D-48CC-9D35-645C50E1A054}.Debug|Any CPU.Build.0 = Debug|Any CPU
		{F92DD1B1-E95D-48CC-9D35-645C50E1A054}.Release|Any CPU.ActiveCfg = Release|Any CPU
		{F92DD1B1-E95D-48CC-9D35-645C50E1A054}.Release|Any CPU.Build.0 = Release|Any CPU
		{EEE30797-A99F-4005-9609-85D50781EC6C}.Debug|Any CPU.ActiveCfg = Debug|Any CPU
		{EEE30797-A99F-4005-9609-85D50781EC6C}.Debug|Any CPU.Build.0 = Debug|Any CPU
		{EEE30797-A99F-4005-9609-85D50781EC6C}.Release|Any CPU.ActiveCfg = Release|Any CPU
		{EEE30797-A99F-4005-9609-85D50781EC6C}.Release|Any CPU.Build.0 = Release|Any CPU
		{F61EA79B-F002-4D91-95B5-1B0EDBCF7F61}.Debug|Any CPU.ActiveCfg = Debug|Any CPU
		{F61EA79B-F002-4D91-95B5-1B0EDBCF7F61}.Debug|Any CPU.Build.0 = Debug|Any CPU
		{F61EA79B-F002-4D91-95B5-1B0EDBCF7F61}.Release|Any CPU.ActiveCfg = Release|Any CPU
		{F61EA79B-F002-4D91-95B5-1B0EDBCF7F61}.Release|Any CPU.Build.0 = Release|Any CPU
	EndGlobalSection
	GlobalSection(SolutionProperties) = preSolution
		HideSolutionNode = FALSE
	EndGlobalSection
	GlobalSection(ExtensibilityGlobals) = postSolution
		SolutionGuid = {B118C0E9-8D40-416B-848B-BCE64326036E}
	EndGlobalSection
EndGlobal
