
Microsoft Visual Studio Solution File, Format Version 12.00
# Visual Studio 15
VisualStudioVersion = 15.0.27703.2047
MinimumVisualStudioVersion = 10.0.40219.1
Project("{FAE04EC0-301F-11D3-BF4B-00C04F79EFBC}") = "Clase22", "Clase22\Clase22.csproj", "{B31932BD-ED2B-4D82-9C5C-88CE923F19A6}"
EndProject
Global
	GlobalSection(SolutionConfigurationPlatforms) = preSolution
		Debug|Any CPU = Debug|Any CPU
		Release|Any CPU = Release|Any CPU
	EndGlobalSection
	GlobalSection(ProjectConfigurationPlatforms) = postSolution
		{B31932BD-ED2B-4D82-9C5C-88CE923F19A6}.Debug|Any CPU.ActiveCfg = Debug|Any CPU
		{B31932BD-ED2B-4D82-9C5C-88CE923F19A6}.Debug|Any CPU.Build.0 = Debug|Any CPU
		{B31932BD-ED2B-4D82-9C5C-88CE923F19A6}.Release|Any CPU.ActiveCfg = Release|Any CPU
		{B31932BD-ED2B-4D82-9C5C-88CE923F19A6}.Release|Any CPU.Build.0 = Release|Any CPU
	EndGlobalSection
	GlobalSection(SolutionProperties) = preSolution
		HideSolutionNode = FALSE
	EndGlobalSection
	GlobalSection(ExtensibilityGlobals) = postSolution
		SolutionGuid = {832E8C0B-F876-4543-B2A7-45FCEB092DF0}
	EndGlobalSection
EndGlobal
