
Microsoft Visual Studio Solution File, Format Version 12.00
# Visual Studio 15
VisualStudioVersion = 15.0.27703.2047
MinimumVisualStudioVersion = 10.0.40219.1
Project("{FAE04EC0-301F-11D3-BF4B-00C04F79EFBC}") = "Entidades", "Entidades\Entidades.csproj", "{BDDF9A43-13B4-4DC4-9B34-08345F448101}"
EndProject
Project("{FAE04EC0-301F-11D3-BF4B-00C04F79EFBC}") = "VistaConsola", "VistaConsola\VistaConsola.csproj", "{A27CCC23-CD3E-4D2A-8BEF-5A772CCC9FA4}"
EndProject
Project("{FAE04EC0-301F-11D3-BF4B-00C04F79EFBC}") = "VistaForm", "VistaForm\VistaForm.csproj", "{6CF61D70-A0DC-4D7C-82D9-BF53C1F6735D}"
EndProject
Global
	GlobalSection(SolutionConfigurationPlatforms) = preSolution
		Debug|Any CPU = Debug|Any CPU
		Release|Any CPU = Release|Any CPU
	EndGlobalSection
	GlobalSection(ProjectConfigurationPlatforms) = postSolution
		{BDDF9A43-13B4-4DC4-9B34-08345F448101}.Debug|Any CPU.ActiveCfg = Debug|Any CPU
		{BDDF9A43-13B4-4DC4-9B34-08345F448101}.Debug|Any CPU.Build.0 = Debug|Any CPU
		{BDDF9A43-13B4-4DC4-9B34-08345F448101}.Release|Any CPU.ActiveCfg = Release|Any CPU
		{BDDF9A43-13B4-4DC4-9B34-08345F448101}.Release|Any CPU.Build.0 = Release|Any CPU
		{A27CCC23-CD3E-4D2A-8BEF-5A772CCC9FA4}.Debug|Any CPU.ActiveCfg = Debug|Any CPU
		{A27CCC23-CD3E-4D2A-8BEF-5A772CCC9FA4}.Debug|Any CPU.Build.0 = Debug|Any CPU
		{A27CCC23-CD3E-4D2A-8BEF-5A772CCC9FA4}.Release|Any CPU.ActiveCfg = Release|Any CPU
		{A27CCC23-CD3E-4D2A-8BEF-5A772CCC9FA4}.Release|Any CPU.Build.0 = Release|Any CPU
		{6CF61D70-A0DC-4D7C-82D9-BF53C1F6735D}.Debug|Any CPU.ActiveCfg = Debug|Any CPU
		{6CF61D70-A0DC-4D7C-82D9-BF53C1F6735D}.Debug|Any CPU.Build.0 = Debug|Any CPU
		{6CF61D70-A0DC-4D7C-82D9-BF53C1F6735D}.Release|Any CPU.ActiveCfg = Release|Any CPU
		{6CF61D70-A0DC-4D7C-82D9-BF53C1F6735D}.Release|Any CPU.Build.0 = Release|Any CPU
	EndGlobalSection
	GlobalSection(SolutionProperties) = preSolution
		HideSolutionNode = FALSE
	EndGlobalSection
	GlobalSection(ExtensibilityGlobals) = postSolution
		SolutionGuid = {7177F2A6-BDD3-42DC-9A6A-2EB52D4CBA3C}
	EndGlobalSection
EndGlobal
