
Microsoft Visual Studio Solution File, Format Version 12.00
# Visual Studio 15
VisualStudioVersion = 15.0.28010.2026
MinimumVisualStudioVersion = 10.0.40219.1
Project("{FAE04EC0-301F-11D3-BF4B-00C04F79EFBC}") = "Entidades", "Entidades\Entidades.csproj", "{61E57E7D-55B5-4F88-AC47-83F350904174}"
EndProject
Project("{FAE04EC0-301F-11D3-BF4B-00C04F79EFBC}") = "Vista Consola", "Vista Consola\Vista Consola.csproj", "{DBCC4DD8-801C-4580-8CEA-C474B060C36B}"
EndProject
Project("{FAE04EC0-301F-11D3-BF4B-00C04F79EFBC}") = "Vista Form", "Vista Form\Vista Form.csproj", "{31F23344-52F9-431D-99D1-9B7704F6D967}"
EndProject
Global
	GlobalSection(SolutionConfigurationPlatforms) = preSolution
		Debug|Any CPU = Debug|Any CPU
		Release|Any CPU = Release|Any CPU
	EndGlobalSection
	GlobalSection(ProjectConfigurationPlatforms) = postSolution
		{61E57E7D-55B5-4F88-AC47-83F350904174}.Debug|Any CPU.ActiveCfg = Debug|Any CPU
		{61E57E7D-55B5-4F88-AC47-83F350904174}.Debug|Any CPU.Build.0 = Debug|Any CPU
		{61E57E7D-55B5-4F88-AC47-83F350904174}.Release|Any CPU.ActiveCfg = Release|Any CPU
		{61E57E7D-55B5-4F88-AC47-83F350904174}.Release|Any CPU.Build.0 = Release|Any CPU
		{DBCC4DD8-801C-4580-8CEA-C474B060C36B}.Debug|Any CPU.ActiveCfg = Debug|Any CPU
		{DBCC4DD8-801C-4580-8CEA-C474B060C36B}.Debug|Any CPU.Build.0 = Debug|Any CPU
		{DBCC4DD8-801C-4580-8CEA-C474B060C36B}.Release|Any CPU.ActiveCfg = Release|Any CPU
		{DBCC4DD8-801C-4580-8CEA-C474B060C36B}.Release|Any CPU.Build.0 = Release|Any CPU
		{31F23344-52F9-431D-99D1-9B7704F6D967}.Debug|Any CPU.ActiveCfg = Debug|Any CPU
		{31F23344-52F9-431D-99D1-9B7704F6D967}.Debug|Any CPU.Build.0 = Debug|Any CPU
		{31F23344-52F9-431D-99D1-9B7704F6D967}.Release|Any CPU.ActiveCfg = Release|Any CPU
		{31F23344-52F9-431D-99D1-9B7704F6D967}.Release|Any CPU.Build.0 = Release|Any CPU
	EndGlobalSection
	GlobalSection(SolutionProperties) = preSolution
		HideSolutionNode = FALSE
	EndGlobalSection
	GlobalSection(ExtensibilityGlobals) = postSolution
		SolutionGuid = {F367D6DD-F176-49AB-9AB2-BCE9EBE969FB}
	EndGlobalSection
EndGlobal
